
Microsoft Visual Studio Solution File, Format Version 12.00
# Visual Studio Version 17
VisualStudioVersion = 17.7.34221.43
MinimumVisualStudioVersion = 10.0.40219.1
Project("{FAE04EC0-301F-11D3-BF4B-00C04F79EFBC}") = "ParushGame", "ParushGame.csproj", "{27A11733-13A4-4533-8EC4-D241751C0E58}"
EndProject
Global
	GlobalSection(SolutionConfigurationPlatforms) = preSolution
		Debug|Any CPU = Debug|Any CPU
		Release|Any CPU = Release|Any CPU
	EndGlobalSection
	GlobalSection(ProjectConfigurationPlatforms) = postSolution
		{27A11733-13A4-4533-8EC4-D241751C0E58}.Debug|Any CPU.ActiveCfg = Debug|Any CPU
		{27A11733-13A4-4533-8EC4-D241751C0E58}.Debug|Any CPU.Build.0 = Debug|Any CPU
		{27A11733-13A4-4533-8EC4-D241751C0E58}.Release|Any CPU.ActiveCfg = Release|Any CPU
		{27A11733-13A4-4533-8EC4-D241751C0E58}.Release|Any CPU.Build.0 = Release|Any CPU
	EndGlobalSection
	GlobalSection(SolutionProperties) = preSolution
		HideSolutionNode = FALSE
	EndGlobalSection
	GlobalSection(ExtensibilityGlobals) = postSolution
		SolutionGuid = {BA848636-807C-4C37-BB9A-4054938F5922}
	EndGlobalSection
EndGlobal
